
Microsoft Visual Studio Solution File, Format Version 12.00
# Visual Studio Version 17
VisualStudioVersion = 17.14.36915.13 d17.14
MinimumVisualStudioVersion = 10.0.40219.1
Project("{FAE04EC0-301F-11D3-BF4B-00C04F79EFBC}") = "Meaar5", "Meaar5.csproj", "{5CA34173-04F8-4F1A-A070-AB70DD18708E}"
EndProject
Global
	GlobalSection(SolutionConfigurationPlatforms) = preSolution
		Debug|Any CPU = Debug|Any CPU
		Release|Any CPU = Release|Any CPU
	EndGlobalSection
	GlobalSection(ProjectConfigurationPlatforms) = postSolution
		{5CA34173-04F8-4F1A-A070-AB70DD18708E}.Debug|Any CPU.ActiveCfg = Debug|Any CPU
		{5CA34173-04F8-4F1A-A070-AB70DD18708E}.Debug|Any CPU.Build.0 = Debug|Any CPU
		{5CA34173-04F8-4F1A-A070-AB70DD18708E}.Release|Any CPU.ActiveCfg = Release|Any CPU
		{5CA34173-04F8-4F1A-A070-AB70DD18708E}.Release|Any CPU.Build.0 = Release|Any CPU
	EndGlobalSection
	GlobalSection(SolutionProperties) = preSolution
		HideSolutionNode = FALSE
	EndGlobalSection
	GlobalSection(ExtensibilityGlobals) = postSolution
		SolutionGuid = {00D7DFD3-AD3A-4E27-BEA1-0EB9500E6C02}
	EndGlobalSection
EndGlobal
